
Microsoft Visual Studio Solution File, Format Version 12.00
# Visual Studio Version 17
VisualStudioVersion = 17.5.33414.496
MinimumVisualStudioVersion = 10.0.40219.1
Project("{FAE04EC0-301F-11D3-BF4B-00C04F79EFBC}") = "EnqueteCSharp", "EnqueteCSharp.csproj", "{289BCA22-4C08-4276-9436-F1D16422ED76}"
EndProject
Global
	GlobalSection(SolutionConfigurationPlatforms) = preSolution
		Debug|Any CPU = Debug|Any CPU
		Release|Any CPU = Release|Any CPU
	EndGlobalSection
	GlobalSection(ProjectConfigurationPlatforms) = postSolution
		{289BCA22-4C08-4276-9436-F1D16422ED76}.Debug|Any CPU.ActiveCfg = Debug|Any CPU
		{289BCA22-4C08-4276-9436-F1D16422ED76}.Debug|Any CPU.Build.0 = Debug|Any CPU
		{289BCA22-4C08-4276-9436-F1D16422ED76}.Release|Any CPU.ActiveCfg = Release|Any CPU
		{289BCA22-4C08-4276-9436-F1D16422ED76}.Release|Any CPU.Build.0 = Release|Any CPU
	EndGlobalSection
	GlobalSection(SolutionProperties) = preSolution
		HideSolutionNode = FALSE
	EndGlobalSection
	GlobalSection(ExtensibilityGlobals) = postSolution
		SolutionGuid = {60B380F4-C18B-4F3A-875C-8F517E650B71}
	EndGlobalSection
EndGlobal
